
Microsoft Visual Studio Solution File, Format Version 12.00
# Visual Studio Version 16
VisualStudioVersion = 16.0.32802.440
MinimumVisualStudioVersion = 10.0.40219.1
Project("{888888A0-9F3D-457C-B088-3A5042F75D52}") = "Face", "Face.pyproj", "{6B9C70DF-33E4-49DE-9940-C34F9850B8D8}"
EndProject
Global
	GlobalSection(SolutionConfigurationPlatforms) = preSolution
		Debug|Any CPU = Debug|Any CPU
		Release|Any CPU = Release|Any CPU
	EndGlobalSection
	GlobalSection(ProjectConfigurationPlatforms) = postSolution
		{6B9C70DF-33E4-49DE-9940-C34F9850B8D8}.Debug|Any CPU.ActiveCfg = Debug|Any CPU
		{6B9C70DF-33E4-49DE-9940-C34F9850B8D8}.Release|Any CPU.ActiveCfg = Release|Any CPU
	EndGlobalSection
	GlobalSection(SolutionProperties) = preSolution
		HideSolutionNode = FALSE
	EndGlobalSection
	GlobalSection(ExtensibilityGlobals) = postSolution
		SolutionGuid = {C96F08E6-22B6-44B5-AFCB-B8690A6F0C21}
	EndGlobalSection
EndGlobal
